{
  "name": "infracao-web",
  "version": "1.0.0",
  "lockfileVersion": 1,
  "requires": true,
  "dependencies": {
    "angular": {
      "version": "1.5.8",
      "resolved": "http://registry.npmjs.org/angular/-/angular-1.5.8.tgz",
      "integrity": "sha1-klpTkrjCEtCVctxEbbfgEmTglMs="
    },
    "angular-animate": {
      "version": "1.5.8",
      "resolved": "http://registry.npmjs.org/angular-animate/-/angular-animate-1.5.8.tgz",
      "integrity": "sha1-U19zaSJaun+xW/cTTHGxW8Y1xYY="
    },
    "angular-datatables": {
      "version": "0.6.4",
      "resolved": "https://registry.npmjs.org/angular-datatables/-/angular-datatables-0.6.4.tgz",
      "integrity": "sha512-c+pODkVd18ZKyJ1RJeu+uqV4IviEAG+a0OgXLDRdDRyqfREEGdi02wg0f3u79+CpjY8vYRGYv36MsAuQf6SQyA==",
      "requires": {
        "angular": "1.7.4",
        "datatables.net": "1.10.19",
        "datatables.net-dt": "1.10.19",
        "jquery": "3.3.1"
      },
      "dependencies": {
        "angular": {
          "version": "1.7.4",
          "resolved": "https://registry.npmjs.org/angular/-/angular-1.7.4.tgz",
          "integrity": "sha512-nYTWc9CpZjTY57l8EA1+DGpQNzI6HewQ34bfRYoGXBYysIoPYjfcgTGWC+Vl3AaeCnhAb3VTkysVESvCBpUIoA=="
        }
      }
    },
    "angular-input-masks": {
      "version": "4.2.1",
      "resolved": "https://registry.npmjs.org/angular-input-masks/-/angular-input-masks-4.2.1.tgz",
      "integrity": "sha512-SHGItayfo5ciSZ0qNzToPeMl7S884oGwiEcSeNzRzFG5DTM5QU+SN0kIBryqVWO9ub8QW2TrzU5br9iWiMQwSA==",
      "requires": {
        "br-validations": "0.3.1",
        "date-fns": "2.0.0-alpha.7",
        "string-mask": "0.3.0"
      }
    },
    "angular-messages": {
      "version": "1.5.8",
      "resolved": "http://registry.npmjs.org/angular-messages/-/angular-messages-1.5.8.tgz",
      "integrity": "sha1-H5HR5/P08uWrWt7+4smnGWsaNM8="
    },
    "angular-route": {
      "version": "1.5.8",
      "resolved": "http://registry.npmjs.org/angular-route/-/angular-route-1.5.8.tgz",
      "integrity": "sha1-lkCT3n7I3FeZvVapOmzl9gCVZ0s="
    },
    "angular-sanitize": {
      "version": "1.5.8",
      "resolved": "http://registry.npmjs.org/angular-sanitize/-/angular-sanitize-1.5.8.tgz",
      "integrity": "sha1-GDL2lIfuggohy+MAVaj7G98perg="
    },
    "bootstrap": {
      "version": "4.1.3",
      "resolved": "https://registry.npmjs.org/bootstrap/-/bootstrap-4.1.3.tgz",
      "integrity": "sha512-rDFIzgXcof0jDyjNosjv4Sno77X4KuPeFxG2XZZv1/Kc8DRVGVADdoQyyOVDwPqL36DDmtCQbrpMCqvpPLJQ0w=="
    },
    "br-validations": {
      "version": "0.3.1",
      "resolved": "https://registry.npmjs.org/br-validations/-/br-validations-0.3.1.tgz",
      "integrity": "sha1-TkWk4HStruorfgiLwON63pt2Nk0="
    },
    "datatables.net": {
      "version": "1.10.19",
      "resolved": "https://registry.npmjs.org/datatables.net/-/datatables.net-1.10.19.tgz",
      "integrity": "sha512-+ljXcI6Pj3PTGy5pesp3E5Dr3x3AV45EZe0o1r0gKENN2gafBKXodVnk2ypKwl2tTmivjxbkiqoWnipTefyBTA==",
      "requires": {
        "jquery": "3.3.1"
      }
    },
    "datatables.net-bs4": {
      "version": "1.10.19",
      "resolved": "https://registry.npmjs.org/datatables.net-bs4/-/datatables.net-bs4-1.10.19.tgz",
      "integrity": "sha512-pgeP17w4aPR7HIxIwuJghfqXULjdg1K6xMUUKDyCERJRSNNK4MRToFfELtIsluLNN555YBK4Kx8nihX5/ZT1Fw==",
      "requires": {
        "datatables.net": "1.10.19",
        "jquery": "3.3.1"
      }
    },
    "datatables.net-dt": {
      "version": "1.10.19",
      "resolved": "https://registry.npmjs.org/datatables.net-dt/-/datatables.net-dt-1.10.19.tgz",
      "integrity": "sha512-joFHYjLYvr9VnC9Fx3e+8jtXnQ/fP/mPFWt9p0NhZ3Zm5N0jlYyWhJQbnLkihOLuDcDFMaGdBQSvmIdTVdgGyw==",
      "requires": {
        "datatables.net": "1.10.19",
        "jquery": "3.3.1"
      }
    },
    "date-fns": {
      "version": "2.0.0-alpha.7",
      "resolved": "https://registry.npmjs.org/date-fns/-/date-fns-2.0.0-alpha.7.tgz",
      "integrity": "sha1-JFrRb5V2Tqur+ywKQf1dAzwg5Xo="
    },
    "jquery": {
      "version": "3.3.1",
      "resolved": "https://registry.npmjs.org/jquery/-/jquery-3.3.1.tgz",
      "integrity": "sha512-Ubldcmxp5np52/ENotGxlLe6aGMvmF4R8S6tZjsP6Knsaxd/xp3Zrh50cG93lR6nPXyUFwzN3ZSOQI0wRJNdGg=="
    },
    "ng-file-upload": {
      "version": "12.2.13",
      "resolved": "https://registry.npmjs.org/ng-file-upload/-/ng-file-upload-12.2.13.tgz",
      "integrity": "sha1-AYAPOHLlJvlTEPhHfpnk8S0NjRQ="
    },
    "popper.js": {
      "version": "1.14.4",
      "resolved": "https://registry.npmjs.org/popper.js/-/popper.js-1.14.4.tgz",
      "integrity": "sha1-juwdj/AqWjoVLdQ0FKFce3n9abY="
    },
    "string-mask": {
      "version": "0.3.0",
      "resolved": "https://registry.npmjs.org/string-mask/-/string-mask-0.3.0.tgz",
      "integrity": "sha1-nnJEuHuy9vlkfirJj5b6GlfCEZg="
    },
    "ui-bootstrap4": {
      "version": "3.0.4",
      "resolved": "https://registry.npmjs.org/ui-bootstrap4/-/ui-bootstrap4-3.0.4.tgz",
      "integrity": "sha512-F2j2kny2ozHGy4McZr6F+9zZWTQhMTwphmSXfBfdRPp5MVgwSQQGmiG5b6pb+b7gsj5fBwSqYEtVKJD0LFgxoQ=="
    }
  }
}
