{
  "name": "infracao-web",
  "version": "1.0.0",
  "lockfileVersion": 1,
  "requires": true,
  "dependencies": {
    "angular": {
      "version": "1.5.8",
      "resolved": "http://registry.npmjs.org/angular/-/angular-1.5.8.tgz",
      "integrity": "sha1-klpTkrjCEtCVctxEbbfgEmTglMs="
    },
    "angular-animate": {
      "version": "1.5.8",
      "resolved": "http://registry.npmjs.org/angular-animate/-/angular-animate-1.5.8.tgz",
      "integrity": "sha1-U19zaSJaun+xW/cTTHGxW8Y1xYY="
    },
    "angular-messages": {
      "version": "1.5.8",
      "resolved": "http://registry.npmjs.org/angular-messages/-/angular-messages-1.5.8.tgz",
      "integrity": "sha1-H5HR5/P08uWrWt7+4smnGWsaNM8="
    },
    "angular-route": {
      "version": "1.5.8",
      "resolved": "http://registry.npmjs.org/angular-route/-/angular-route-1.5.8.tgz",
      "integrity": "sha1-lkCT3n7I3FeZvVapOmzl9gCVZ0s="
    },
    "angular-sanitize": {
      "version": "1.5.8",
      "resolved": "http://registry.npmjs.org/angular-sanitize/-/angular-sanitize-1.5.8.tgz",
      "integrity": "sha1-GDL2lIfuggohy+MAVaj7G98perg="
    },
    "bootstrap": {
      "version": "4.1.3",
      "resolved": "https://registry.npmjs.org/bootstrap/-/bootstrap-4.1.3.tgz",
      "integrity": "sha512-rDFIzgXcof0jDyjNosjv4Sno77X4KuPeFxG2XZZv1/Kc8DRVGVADdoQyyOVDwPqL36DDmtCQbrpMCqvpPLJQ0w=="
    },
    "jquery": {
      "version": "3.3.1",
      "resolved": "https://registry.npmjs.org/jquery/-/jquery-3.3.1.tgz",
      "integrity": "sha512-Ubldcmxp5np52/ENotGxlLe6aGMvmF4R8S6tZjsP6Knsaxd/xp3Zrh50cG93lR6nPXyUFwzN3ZSOQI0wRJNdGg=="
    },
    "popper.js": {
      "version": "1.14.4",
      "resolved": "https://registry.npmjs.org/popper.js/-/popper.js-1.14.4.tgz",
      "integrity": "sha1-juwdj/AqWjoVLdQ0FKFce3n9abY="
    },
    "ui-bootstrap4": {
      "version": "3.0.4",
      "resolved": "https://registry.npmjs.org/ui-bootstrap4/-/ui-bootstrap4-3.0.4.tgz",
      "integrity": "sha512-F2j2kny2ozHGy4McZr6F+9zZWTQhMTwphmSXfBfdRPp5MVgwSQQGmiG5b6pb+b7gsj5fBwSqYEtVKJD0LFgxoQ=="
    }
  }
}
